
Microsoft Visual Studio Solution File, Format Version 12.00
# Visual Studio Version 18
VisualStudioVersion = 18.5.11626.173 insiders
MinimumVisualStudioVersion = 10.0.40219.1
Project("{FAE04EC0-301F-11D3-BF4B-00C04F79EFBC}") = "PMSystem.Client", "PMSystem.Client.csproj", "{FCE4DB2E-4DA0-1AE1-899A-35EC9027AE4E}"
EndProject
Global
	GlobalSection(SolutionConfigurationPlatforms) = preSolution
		Debug|Any CPU = Debug|Any CPU
		Release|Any CPU = Release|Any CPU
	EndGlobalSection
	GlobalSection(ProjectConfigurationPlatforms) = postSolution
		{FCE4DB2E-4DA0-1AE1-899A-35EC9027AE4E}.Debug|Any CPU.ActiveCfg = Debug|Any CPU
		{FCE4DB2E-4DA0-1AE1-899A-35EC9027AE4E}.Debug|Any CPU.Build.0 = Debug|Any CPU
		{FCE4DB2E-4DA0-1AE1-899A-35EC9027AE4E}.Release|Any CPU.ActiveCfg = Release|Any CPU
		{FCE4DB2E-4DA0-1AE1-899A-35EC9027AE4E}.Release|Any CPU.Build.0 = Release|Any CPU
	EndGlobalSection
	GlobalSection(SolutionProperties) = preSolution
		HideSolutionNode = FALSE
	EndGlobalSection
	GlobalSection(ExtensibilityGlobals) = postSolution
		SolutionGuid = {2FAAF06E-4112-44AB-9B88-4164BF52F293}
	EndGlobalSection
EndGlobal
